// !$*UTF8*$!
{
	archiveVersion = 1;
	classes = {
	};
	objectVersion = 56;
	objects = {

/* Begin PBXBuildFile section */
		40CED9672A9DF86900AFBE69 /* social_mediaApp.swift in Sources */ = {isa = PBXBuildFile; fileRef = 40CED9662A9DF86900AFBE69 /* social_mediaApp.swift */; };
		40CED9692A9DF86900AFBE69 /* ContentView.swift in Sources */ = {isa = PBXBuildFile; fileRef = 40CED9682A9DF86900AFBE69 /* ContentView.swift */; };
		40CED96B2A9DF87000AFBE69 /* Assets.xcassets in Resources */ = {isa = PBXBuildFile; fileRef = 40CED96A2A9DF87000AFBE69 /* Assets.xcassets */; };
		40CED96E2A9DF87000AFBE69 /* Preview Assets.xcassets in Resources */ = {isa = PBXBuildFile; fileRef = 40CED96D2A9DF87000AFBE69 /* Preview Assets.xcassets */; };
		40CED9832A9E22BE00AFBE69 /* MainTabView.swift in Sources */ = {isa = PBXBuildFile; fileRef = 40CED9822A9E22BE00AFBE69 /* MainTabView.swift */; };
		40CED9852A9E251600AFBE69 /* ProfileView.swift in Sources */ = {isa = PBXBuildFile; fileRef = 40CED9842A9E251600AFBE69 /* ProfileView.swift */; };
		40CED9892A9E30D300AFBE69 /* UserStatView.swift in Sources */ = {isa = PBXBuildFile; fileRef = 40CED9882A9E30D300AFBE69 /* UserStatView.swift */; };
		40CED98B2A9E420B00AFBE69 /* FeedView.swift in Sources */ = {isa = PBXBuildFile; fileRef = 40CED98A2A9E420B00AFBE69 /* FeedView.swift */; };
		40CED98D2A9E424E00AFBE69 /* FeedCell.swift in Sources */ = {isa = PBXBuildFile; fileRef = 40CED98C2A9E424E00AFBE69 /* FeedCell.swift */; };
		40CED98F2A9E4D4400AFBE69 /* SearchView.swift in Sources */ = {isa = PBXBuildFile; fileRef = 40CED98E2A9E4D4400AFBE69 /* SearchView.swift */; };
		40CED9912A9E529F00AFBE69 /* LoginView.swift in Sources */ = {isa = PBXBuildFile; fileRef = 40CED9902A9E529F00AFBE69 /* LoginView.swift */; };
		40CED9932A9ED0E400AFBE69 /* AddEmailView.swift in Sources */ = {isa = PBXBuildFile; fileRef = 40CED9922A9ED0E400AFBE69 /* AddEmailView.swift */; };
		40CED9972A9ED89200AFBE69 /* IGTextFieldModifier.swift in Sources */ = {isa = PBXBuildFile; fileRef = 40CED9962A9ED89200AFBE69 /* IGTextFieldModifier.swift */; };
		40CED9992A9EE00500AFBE69 /* CreateUsernameView.swift in Sources */ = {isa = PBXBuildFile; fileRef = 40CED9982A9EE00500AFBE69 /* CreateUsernameView.swift */; };
		40CED99B2A9EE32300AFBE69 /* CreatePasswordView.swift in Sources */ = {isa = PBXBuildFile; fileRef = 40CED99A2A9EE32300AFBE69 /* CreatePasswordView.swift */; };
		40CED99D2A9EE45500AFBE69 /* CompleteSignupView.swift in Sources */ = {isa = PBXBuildFile; fileRef = 40CED99C2A9EE45500AFBE69 /* CompleteSignupView.swift */; };
		40CED99F2A9EE71A00AFBE69 /* User.swift in Sources */ = {isa = PBXBuildFile; fileRef = 40CED99E2A9EE71A00AFBE69 /* User.swift */; };
		40CED9A12A9EEF7800AFBE69 /* CurrentUserProfileView.swift in Sources */ = {isa = PBXBuildFile; fileRef = 40CED9A02A9EEF7800AFBE69 /* CurrentUserProfileView.swift */; };
		40CED9A32A9EF28500AFBE69 /* Post.swift in Sources */ = {isa = PBXBuildFile; fileRef = 40CED9A22A9EF28500AFBE69 /* Post.swift */; };
		40CED9A52A9EFBDC00AFBE69 /* GridView.swift in Sources */ = {isa = PBXBuildFile; fileRef = 40CED9A42A9EFBDC00AFBE69 /* GridView.swift */; };
		40CED9A72A9EFEF900AFBE69 /* ProfileHeaderView.swift in Sources */ = {isa = PBXBuildFile; fileRef = 40CED9A62A9EFEF900AFBE69 /* ProfileHeaderView.swift */; };
		40CED9A92A9F0B6000AFBE69 /* UploadPostView.swift in Sources */ = {isa = PBXBuildFile; fileRef = 40CED9A82A9F0B6000AFBE69 /* UploadPostView.swift */; };
		40CED9AB2A9F0FAC00AFBE69 /* UploadPostViewModel.swift in Sources */ = {isa = PBXBuildFile; fileRef = 40CED9AA2A9F0FAC00AFBE69 /* UploadPostViewModel.swift */; };
		40CED9AD2A9F1AEE00AFBE69 /* GoogleService-Info.plist in Resources */ = {isa = PBXBuildFile; fileRef = 40CED9AC2A9F1AED00AFBE69 /* GoogleService-Info.plist */; };
		40CED9B02A9F1BDC00AFBE69 /* FirebaseAuth in Frameworks */ = {isa = PBXBuildFile; productRef = 40CED9AF2A9F1BDC00AFBE69 /* FirebaseAuth */; };
		40CED9B22A9F1BDC00AFBE69 /* FirebaseFirestore in Frameworks */ = {isa = PBXBuildFile; productRef = 40CED9B12A9F1BDC00AFBE69 /* FirebaseFirestore */; };
		40CED9B42A9F1BDC00AFBE69 /* FirebaseFirestoreSwift in Frameworks */ = {isa = PBXBuildFile; productRef = 40CED9B32A9F1BDC00AFBE69 /* FirebaseFirestoreSwift */; };
		40CED9B62A9F1BDC00AFBE69 /* FirebaseStorage in Frameworks */ = {isa = PBXBuildFile; productRef = 40CED9B52A9F1BDC00AFBE69 /* FirebaseStorage */; };
		40CED9BA2A9F215700AFBE69 /* AuthService.swift in Sources */ = {isa = PBXBuildFile; fileRef = 40CED9B92A9F215700AFBE69 /* AuthService.swift */; };
		40CED9BE2A9F246900AFBE69 /* ContentViewModel.swift in Sources */ = {isa = PBXBuildFile; fileRef = 40CED9BD2A9F246900AFBE69 /* ContentViewModel.swift */; };
		40CED9C12AA4249D00AFBE69 /* RegistrationViewModel.swift in Sources */ = {isa = PBXBuildFile; fileRef = 40CED9C02AA4249C00AFBE69 /* RegistrationViewModel.swift */; };
		40D788722AA43DDF000BA85A /* LoginViewModel.swift in Sources */ = {isa = PBXBuildFile; fileRef = 40D788712AA43DDF000BA85A /* LoginViewModel.swift */; };
		40D788742AA453ED000BA85A /* UserService.swift in Sources */ = {isa = PBXBuildFile; fileRef = 40D788732AA453ED000BA85A /* UserService.swift */; };
		40D788782AA455F3000BA85A /* SearchViewModel.swift in Sources */ = {isa = PBXBuildFile; fileRef = 40D788772AA455F3000BA85A /* SearchViewModel.swift */; };
		40D7887A2AA45F24000BA85A /* EditProfileView.swift in Sources */ = {isa = PBXBuildFile; fileRef = 40D788792AA45F24000BA85A /* EditProfileView.swift */; };
		40D7887E2AA466BD000BA85A /* EditProfileViewModel.swift in Sources */ = {isa = PBXBuildFile; fileRef = 40D7887D2AA466BD000BA85A /* EditProfileViewModel.swift */; };
		40D788802AA4727B000BA85A /* ImageUploader.swift in Sources */ = {isa = PBXBuildFile; fileRef = 40D7887F2AA4727B000BA85A /* ImageUploader.swift */; };
		40D788832AA47AD4000BA85A /* Kingfisher in Frameworks */ = {isa = PBXBuildFile; productRef = 40D788822AA47AD4000BA85A /* Kingfisher */; };
		40D788852AA47B67000BA85A /* CircularProfileImageView.swift in Sources */ = {isa = PBXBuildFile; fileRef = 40D788842AA47B66000BA85A /* CircularProfileImageView.swift */; };
/* End PBXBuildFile section */

/* Begin PBXFileReference section */
		40CED9632A9DF86900AFBE69 /* social_media.app */ = {isa = PBXFileReference; explicitFileType = wrapper.application; includeInIndex = 0; path = social_media.app; sourceTree = BUILT_PRODUCTS_DIR; };
		40CED9662A9DF86900AFBE69 /* social_mediaApp.swift */ = {isa = PBXFileReference; lastKnownFileType = sourcecode.swift; path = social_mediaApp.swift; sourceTree = "<group>"; };
		40CED9682A9DF86900AFBE69 /* ContentView.swift */ = {isa = PBXFileReference; lastKnownFileType = sourcecode.swift; path = ContentView.swift; sourceTree = "<group>"; };
		40CED96A2A9DF87000AFBE69 /* Assets.xcassets */ = {isa = PBXFileReference; lastKnownFileType = folder.assetcatalog; path = Assets.xcassets; sourceTree = "<group>"; };
		40CED96D2A9DF87000AFBE69 /* Preview Assets.xcassets */ = {isa = PBXFileReference; lastKnownFileType = folder.assetcatalog; path = "Preview Assets.xcassets"; sourceTree = "<group>"; };
		40CED9822A9E22BE00AFBE69 /* MainTabView.swift */ = {isa = PBXFileReference; lastKnownFileType = sourcecode.swift; path = MainTabView.swift; sourceTree = "<group>"; };
		40CED9842A9E251600AFBE69 /* ProfileView.swift */ = {isa = PBXFileReference; lastKnownFileType = sourcecode.swift; path = ProfileView.swift; sourceTree = "<group>"; };
		40CED9882A9E30D300AFBE69 /* UserStatView.swift */ = {isa = PBXFileReference; lastKnownFileType = sourcecode.swift; path = UserStatView.swift; sourceTree = "<group>"; };
		40CED98A2A9E420B00AFBE69 /* FeedView.swift */ = {isa = PBXFileReference; lastKnownFileType = sourcecode.swift; path = FeedView.swift; sourceTree = "<group>"; };
		40CED98C2A9E424E00AFBE69 /* FeedCell.swift */ = {isa = PBXFileReference; lastKnownFileType = sourcecode.swift; path = FeedCell.swift; sourceTree = "<group>"; };
		40CED98E2A9E4D4400AFBE69 /* SearchView.swift */ = {isa = PBXFileReference; lastKnownFileType = sourcecode.swift; path = SearchView.swift; sourceTree = "<group>"; };
		40CED9902A9E529F00AFBE69 /* LoginView.swift */ = {isa = PBXFileReference; lastKnownFileType = sourcecode.swift; path = LoginView.swift; sourceTree = "<group>"; };
		40CED9922A9ED0E400AFBE69 /* AddEmailView.swift */ = {isa = PBXFileReference; lastKnownFileType = sourcecode.swift; path = AddEmailView.swift; sourceTree = "<group>"; };
		40CED9962A9ED89200AFBE69 /* IGTextFieldModifier.swift */ = {isa = PBXFileReference; lastKnownFileType = sourcecode.swift; path = IGTextFieldModifier.swift; sourceTree = "<group>"; };
		40CED9982A9EE00500AFBE69 /* CreateUsernameView.swift */ = {isa = PBXFileReference; lastKnownFileType = sourcecode.swift; path = CreateUsernameView.swift; sourceTree = "<group>"; };
		40CED99A2A9EE32300AFBE69 /* CreatePasswordView.swift */ = {isa = PBXFileReference; lastKnownFileType = sourcecode.swift; path = CreatePasswordView.swift; sourceTree = "<group>"; };
		40CED99C2A9EE45500AFBE69 /* CompleteSignupView.swift */ = {isa = PBXFileReference; lastKnownFileType = sourcecode.swift; path = CompleteSignupView.swift; sourceTree = "<group>"; };
		40CED99E2A9EE71A00AFBE69 /* User.swift */ = {isa = PBXFileReference; lastKnownFileType = sourcecode.swift; path = User.swift; sourceTree = "<group>"; };
		40CED9A02A9EEF7800AFBE69 /* CurrentUserProfileView.swift */ = {isa = PBXFileReference; lastKnownFileType = sourcecode.swift; path = CurrentUserProfileView.swift; sourceTree = "<group>"; };
		40CED9A22A9EF28500AFBE69 /* Post.swift */ = {isa = PBXFileReference; lastKnownFileType = sourcecode.swift; path = Post.swift; sourceTree = "<group>"; };
		40CED9A42A9EFBDC00AFBE69 /* GridView.swift */ = {isa = PBXFileReference; lastKnownFileType = sourcecode.swift; path = GridView.swift; sourceTree = "<group>"; };
		40CED9A62A9EFEF900AFBE69 /* ProfileHeaderView.swift */ = {isa = PBXFileReference; lastKnownFileType = sourcecode.swift; path = ProfileHeaderView.swift; sourceTree = "<group>"; };
		40CED9A82A9F0B6000AFBE69 /* UploadPostView.swift */ = {isa = PBXFileReference; lastKnownFileType = sourcecode.swift; path = UploadPostView.swift; sourceTree = "<group>"; };
		40CED9AA2A9F0FAC00AFBE69 /* UploadPostViewModel.swift */ = {isa = PBXFileReference; lastKnownFileType = sourcecode.swift; path = UploadPostViewModel.swift; sourceTree = "<group>"; };
		40CED9AC2A9F1AED00AFBE69 /* GoogleService-Info.plist */ = {isa = PBXFileReference; lastKnownFileType = text.plist; path = "GoogleService-Info.plist"; sourceTree = SOURCE_ROOT; };
		40CED9B92A9F215700AFBE69 /* AuthService.swift */ = {isa = PBXFileReference; lastKnownFileType = sourcecode.swift; path = AuthService.swift; sourceTree = "<group>"; };
		40CED9BD2A9F246900AFBE69 /* ContentViewModel.swift */ = {isa = PBXFileReference; lastKnownFileType = sourcecode.swift; path = ContentViewModel.swift; sourceTree = "<group>"; };
		40CED9C02AA4249C00AFBE69 /* RegistrationViewModel.swift */ = {isa = PBXFileReference; lastKnownFileType = sourcecode.swift; path = RegistrationViewModel.swift; sourceTree = "<group>"; };
		40D788712AA43DDF000BA85A /* LoginViewModel.swift */ = {isa = PBXFileReference; lastKnownFileType = sourcecode.swift; path = LoginViewModel.swift; sourceTree = "<group>"; };
		40D788732AA453ED000BA85A /* UserService.swift */ = {isa = PBXFileReference; lastKnownFileType = sourcecode.swift; path = UserService.swift; sourceTree = "<group>"; };
		40D788772AA455F3000BA85A /* SearchViewModel.swift */ = {isa = PBXFileReference; lastKnownFileType = sourcecode.swift; path = SearchViewModel.swift; sourceTree = "<group>"; };
		40D788792AA45F24000BA85A /* EditProfileView.swift */ = {isa = PBXFileReference; lastKnownFileType = sourcecode.swift; path = EditProfileView.swift; sourceTree = "<group>"; };
		40D7887D2AA466BD000BA85A /* EditProfileViewModel.swift */ = {isa = PBXFileReference; lastKnownFileType = sourcecode.swift; path = EditProfileViewModel.swift; sourceTree = "<group>"; };
		40D7887F2AA4727B000BA85A /* ImageUploader.swift */ = {isa = PBXFileReference; lastKnownFileType = sourcecode.swift; path = ImageUploader.swift; sourceTree = "<group>"; };
		40D788842AA47B66000BA85A /* CircularProfileImageView.swift */ = {isa = PBXFileReference; lastKnownFileType = sourcecode.swift; path = CircularProfileImageView.swift; sourceTree = "<group>"; };
/* End PBXFileReference section */

/* Begin PBXFrameworksBuildPhase section */
		40CED9602A9DF86900AFBE69 /* Frameworks */ = {
			isa = PBXFrameworksBuildPhase;
			buildActionMask = 2147483647;
			files = (
				40CED9B02A9F1BDC00AFBE69 /* FirebaseAuth in Frameworks */,
				40CED9B62A9F1BDC00AFBE69 /* FirebaseStorage in Frameworks */,
				40CED9B22A9F1BDC00AFBE69 /* FirebaseFirestore in Frameworks */,
				40CED9B42A9F1BDC00AFBE69 /* FirebaseFirestoreSwift in Frameworks */,
				40D788832AA47AD4000BA85A /* Kingfisher in Frameworks */,
			);
			runOnlyForDeploymentPostprocessing = 0;
		};
/* End PBXFrameworksBuildPhase section */

/* Begin PBXGroup section */
		40CED95A2A9DF86900AFBE69 = {
			isa = PBXGroup;
			children = (
				40CED9652A9DF86900AFBE69 /* social_media */,
				40CED9642A9DF86900AFBE69 /* Products */,
			);
			sourceTree = "<group>";
		};
		40CED9642A9DF86900AFBE69 /* Products */ = {
			isa = PBXGroup;
			children = (
				40CED9632A9DF86900AFBE69 /* social_media.app */,
			);
			name = Products;
			sourceTree = "<group>";
		};
		40CED9652A9DF86900AFBE69 /* social_media */ = {
			isa = PBXGroup;
			children = (
				40CED9792A9DF99E00AFBE69 /* App */,
				40CED9782A9DF99C00AFBE69 /* Core */,
				40CED9772A9DF99B00AFBE69 /* Extensions */,
				40CED9762A9DF99800AFBE69 /* Model */,
				40CED9742A9DF97C00AFBE69 /* Services */,
				40CED9AC2A9F1AED00AFBE69 /* GoogleService-Info.plist */,
				40CED96A2A9DF87000AFBE69 /* Assets.xcassets */,
				40CED96C2A9DF87000AFBE69 /* Preview Content */,
			);
			path = social_media;
			sourceTree = "<group>";
		};
		40CED96C2A9DF87000AFBE69 /* Preview Content */ = {
			isa = PBXGroup;
			children = (
				40CED96D2A9DF87000AFBE69 /* Preview Assets.xcassets */,
			);
			path = "Preview Content";
			sourceTree = "<group>";
		};
		40CED9742A9DF97C00AFBE69 /* Services */ = {
			isa = PBXGroup;
			children = (
				40D788732AA453ED000BA85A /* UserService.swift */,
				40D7887F2AA4727B000BA85A /* ImageUploader.swift */,
			);
			path = Services;
			sourceTree = "<group>";
		};
		40CED9762A9DF99800AFBE69 /* Model */ = {
			isa = PBXGroup;
			children = (
				40CED99E2A9EE71A00AFBE69 /* User.swift */,
				40CED9A22A9EF28500AFBE69 /* Post.swift */,
			);
			path = Model;
			sourceTree = "<group>";
		};
		40CED9772A9DF99B00AFBE69 /* Extensions */ = {
			isa = PBXGroup;
			children = (
			);
			path = Extensions;
			sourceTree = "<group>";
		};
		40CED9782A9DF99C00AFBE69 /* Core */ = {
			isa = PBXGroup;
			children = (
				40CED97A2A9E214200AFBE69 /* Authentication */,
				40CED9862A9E307900AFBE69 /* Components */,
				40CED97F2A9E218800AFBE69 /* Feed */,
				40CED97E2A9E217C00AFBE69 /* Profile */,
				40CED97D2A9E217300AFBE69 /* Root */,
				40CED97C2A9E216700AFBE69 /* Search */,
				40CED9802A9E21B600AFBE69 /* TabBar */,
				40CED9812A9E21C100AFBE69 /* UploadPost */,
			);
			path = Core;
			sourceTree = "<group>";
		};
		40CED9792A9DF99E00AFBE69 /* App */ = {
			isa = PBXGroup;
			children = (
				40CED9662A9DF86900AFBE69 /* social_mediaApp.swift */,
			);
			path = App;
			sourceTree = "<group>";
		};
		40CED97A2A9E214200AFBE69 /* Authentication */ = {
			isa = PBXGroup;
			children = (
				40CED9BF2AA4245B00AFBE69 /* ViewModel */,
				40CED9B82A9F212A00AFBE69 /* Service */,
				40CED9B72A9F20C600AFBE69 /* View */,
			);
			path = Authentication;
			sourceTree = "<group>";
		};
		40CED97C2A9E216700AFBE69 /* Search */ = {
			isa = PBXGroup;
			children = (
				40D788762AA455C7000BA85A /* View */,
				40D788752AA455B5000BA85A /* ViewModel */,
			);
			path = Search;
			sourceTree = "<group>";
		};
		40CED97D2A9E217300AFBE69 /* Root */ = {
			isa = PBXGroup;
			children = (
				40CED9BC2A9F243E00AFBE69 /* ViewModel */,
				40CED9BB2A9F243700AFBE69 /* View */,
			);
			path = Root;
			sourceTree = "<group>";
		};
		40CED97E2A9E217C00AFBE69 /* Profile */ = {
			isa = PBXGroup;
			children = (
				40D7887C2AA46672000BA85A /* View */,
				40D7887B2AA46664000BA85A /* ViewModel */,
			);
			path = Profile;
			sourceTree = "<group>";
		};
		40CED97F2A9E218800AFBE69 /* Feed */ = {
			isa = PBXGroup;
			children = (
				40CED98A2A9E420B00AFBE69 /* FeedView.swift */,
				40CED98C2A9E424E00AFBE69 /* FeedCell.swift */,
			);
			path = Feed;
			sourceTree = "<group>";
		};
		40CED9802A9E21B600AFBE69 /* TabBar */ = {
			isa = PBXGroup;
			children = (
				40CED9822A9E22BE00AFBE69 /* MainTabView.swift */,
			);
			path = TabBar;
			sourceTree = "<group>";
		};
		40CED9812A9E21C100AFBE69 /* UploadPost */ = {
			isa = PBXGroup;
			children = (
				40CED9A82A9F0B6000AFBE69 /* UploadPostView.swift */,
				40CED9AA2A9F0FAC00AFBE69 /* UploadPostViewModel.swift */,
			);
			path = UploadPost;
			sourceTree = "<group>";
		};
		40CED9862A9E307900AFBE69 /* Components */ = {
			isa = PBXGroup;
			children = (
				40CED9882A9E30D300AFBE69 /* UserStatView.swift */,
				40CED9962A9ED89200AFBE69 /* IGTextFieldModifier.swift */,
				40CED9A42A9EFBDC00AFBE69 /* GridView.swift */,
				40D788842AA47B66000BA85A /* CircularProfileImageView.swift */,
			);
			path = Components;
			sourceTree = "<group>";
		};
		40CED9B72A9F20C600AFBE69 /* View */ = {
			isa = PBXGroup;
			children = (
				40CED9922A9ED0E400AFBE69 /* AddEmailView.swift */,
				40CED99C2A9EE45500AFBE69 /* CompleteSignupView.swift */,
				40CED9982A9EE00500AFBE69 /* CreateUsernameView.swift */,
				40CED99A2A9EE32300AFBE69 /* CreatePasswordView.swift */,
				40CED9902A9E529F00AFBE69 /* LoginView.swift */,
			);
			path = View;
			sourceTree = "<group>";
		};
		40CED9B82A9F212A00AFBE69 /* Service */ = {
			isa = PBXGroup;
			children = (
				40CED9B92A9F215700AFBE69 /* AuthService.swift */,
			);
			path = Service;
			sourceTree = "<group>";
		};
		40CED9BB2A9F243700AFBE69 /* View */ = {
			isa = PBXGroup;
			children = (
				40CED9682A9DF86900AFBE69 /* ContentView.swift */,
			);
			path = View;
			sourceTree = "<group>";
		};
		40CED9BC2A9F243E00AFBE69 /* ViewModel */ = {
			isa = PBXGroup;
			children = (
				40CED9BD2A9F246900AFBE69 /* ContentViewModel.swift */,
			);
			path = ViewModel;
			sourceTree = "<group>";
		};
		40CED9BF2AA4245B00AFBE69 /* ViewModel */ = {
			isa = PBXGroup;
			children = (
				40CED9C02AA4249C00AFBE69 /* RegistrationViewModel.swift */,
				40D788712AA43DDF000BA85A /* LoginViewModel.swift */,
			);
			path = ViewModel;
			sourceTree = "<group>";
		};
		40D788752AA455B5000BA85A /* ViewModel */ = {
			isa = PBXGroup;
			children = (
				40D788772AA455F3000BA85A /* SearchViewModel.swift */,
			);
			path = ViewModel;
			sourceTree = "<group>";
		};
		40D788762AA455C7000BA85A /* View */ = {
			isa = PBXGroup;
			children = (
				40CED98E2A9E4D4400AFBE69 /* SearchView.swift */,
			);
			path = View;
			sourceTree = "<group>";
		};
		40D7887B2AA46664000BA85A /* ViewModel */ = {
			isa = PBXGroup;
			children = (
				40D7887D2AA466BD000BA85A /* EditProfileViewModel.swift */,
			);
			path = ViewModel;
			sourceTree = "<group>";
		};
		40D7887C2AA46672000BA85A /* View */ = {
			isa = PBXGroup;
			children = (
				40CED9842A9E251600AFBE69 /* ProfileView.swift */,
				40CED9A02A9EEF7800AFBE69 /* CurrentUserProfileView.swift */,
				40CED9A62A9EFEF900AFBE69 /* ProfileHeaderView.swift */,
				40D788792AA45F24000BA85A /* EditProfileView.swift */,
			);
			path = View;
			sourceTree = "<group>";
		};
/* End PBXGroup section */

/* Begin PBXNativeTarget section */
		40CED9622A9DF86900AFBE69 /* social_media */ = {
			isa = PBXNativeTarget;
			buildConfigurationList = 40CED9712A9DF87000AFBE69 /* Build configuration list for PBXNativeTarget "social_media" */;
			buildPhases = (
				40CED95F2A9DF86900AFBE69 /* Sources */,
				40CED9602A9DF86900AFBE69 /* Frameworks */,
				40CED9612A9DF86900AFBE69 /* Resources */,
			);
			buildRules = (
			);
			dependencies = (
			);
			name = social_media;
			packageProductDependencies = (
				40CED9AF2A9F1BDC00AFBE69 /* FirebaseAuth */,
				40CED9B12A9F1BDC00AFBE69 /* FirebaseFirestore */,
				40CED9B32A9F1BDC00AFBE69 /* FirebaseFirestoreSwift */,
				40CED9B52A9F1BDC00AFBE69 /* FirebaseStorage */,
				40D788822AA47AD4000BA85A /* Kingfisher */,
			);
			productName = social_media;
			productReference = 40CED9632A9DF86900AFBE69 /* social_media.app */;
			productType = "com.apple.product-type.application";
		};
/* End PBXNativeTarget section */

/* Begin PBXProject section */
		40CED95B2A9DF86900AFBE69 /* Project object */ = {
			isa = PBXProject;
			attributes = {
				BuildIndependentTargetsInParallel = 1;
				LastSwiftUpdateCheck = 1430;
				LastUpgradeCheck = 1430;
				TargetAttributes = {
					40CED9622A9DF86900AFBE69 = {
						CreatedOnToolsVersion = 14.3.1;
					};
				};
			};
			buildConfigurationList = 40CED95E2A9DF86900AFBE69 /* Build configuration list for PBXProject "social_media" */;
			compatibilityVersion = "Xcode 14.0";
			developmentRegion = en;
			hasScannedForEncodings = 0;
			knownRegions = (
				en,
				Base,
			);
			mainGroup = 40CED95A2A9DF86900AFBE69;
			packageReferences = (
				40CED9AE2A9F1BDB00AFBE69 /* XCRemoteSwiftPackageReference "firebase-ios-sdk" */,
				40D788812AA47AD3000BA85A /* XCRemoteSwiftPackageReference "Kingfisher" */,
			);
			productRefGroup = 40CED9642A9DF86900AFBE69 /* Products */;
			projectDirPath = "";
			projectRoot = "";
			targets = (
				40CED9622A9DF86900AFBE69 /* social_media */,
			);
		};
/* End PBXProject section */

/* Begin PBXResourcesBuildPhase section */
		40CED9612A9DF86900AFBE69 /* Resources */ = {
			isa = PBXResourcesBuildPhase;
			buildActionMask = 2147483647;
			files = (
				40CED96E2A9DF87000AFBE69 /* Preview Assets.xcassets in Resources */,
				40CED96B2A9DF87000AFBE69 /* Assets.xcassets in Resources */,
				40CED9AD2A9F1AEE00AFBE69 /* GoogleService-Info.plist in Resources */,
			);
			runOnlyForDeploymentPostprocessing = 0;
		};
/* End PBXResourcesBuildPhase section */

/* Begin PBXSourcesBuildPhase section */
		40CED95F2A9DF86900AFBE69 /* Sources */ = {
			isa = PBXSourcesBuildPhase;
			buildActionMask = 2147483647;
			files = (
				40CED98D2A9E424E00AFBE69 /* FeedCell.swift in Sources */,
				40CED9A92A9F0B6000AFBE69 /* UploadPostView.swift in Sources */,
				40CED9852A9E251600AFBE69 /* ProfileView.swift in Sources */,
				40CED9692A9DF86900AFBE69 /* ContentView.swift in Sources */,
				40CED9912A9E529F00AFBE69 /* LoginView.swift in Sources */,
				40D7887E2AA466BD000BA85A /* EditProfileViewModel.swift in Sources */,
				40CED9BA2A9F215700AFBE69 /* AuthService.swift in Sources */,
				40D788742AA453ED000BA85A /* UserService.swift in Sources */,
				40CED9A32A9EF28500AFBE69 /* Post.swift in Sources */,
				40CED9672A9DF86900AFBE69 /* social_mediaApp.swift in Sources */,
				40CED9A12A9EEF7800AFBE69 /* CurrentUserProfileView.swift in Sources */,
				40CED9932A9ED0E400AFBE69 /* AddEmailView.swift in Sources */,
				40CED9992A9EE00500AFBE69 /* CreateUsernameView.swift in Sources */,
				40CED98F2A9E4D4400AFBE69 /* SearchView.swift in Sources */,
				40CED9BE2A9F246900AFBE69 /* ContentViewModel.swift in Sources */,
				40D7887A2AA45F24000BA85A /* EditProfileView.swift in Sources */,
				40D788722AA43DDF000BA85A /* LoginViewModel.swift in Sources */,
				40D788802AA4727B000BA85A /* ImageUploader.swift in Sources */,
				40CED9AB2A9F0FAC00AFBE69 /* UploadPostViewModel.swift in Sources */,
				40CED9A72A9EFEF900AFBE69 /* ProfileHeaderView.swift in Sources */,
				40CED99F2A9EE71A00AFBE69 /* User.swift in Sources */,
				40CED9972A9ED89200AFBE69 /* IGTextFieldModifier.swift in Sources */,
				40CED99D2A9EE45500AFBE69 /* CompleteSignupView.swift in Sources */,
				40CED9892A9E30D300AFBE69 /* UserStatView.swift in Sources */,
				40CED9C12AA4249D00AFBE69 /* RegistrationViewModel.swift in Sources */,
				40CED98B2A9E420B00AFBE69 /* FeedView.swift in Sources */,
				40CED9832A9E22BE00AFBE69 /* MainTabView.swift in Sources */,
				40D788852AA47B67000BA85A /* CircularProfileImageView.swift in Sources */,
				40D788782AA455F3000BA85A /* SearchViewModel.swift in Sources */,
				40CED9A52A9EFBDC00AFBE69 /* GridView.swift in Sources */,
				40CED99B2A9EE32300AFBE69 /* CreatePasswordView.swift in Sources */,
			);
			runOnlyForDeploymentPostprocessing = 0;
		};
/* End PBXSourcesBuildPhase section */

/* Begin XCBuildConfiguration section */
		40CED96F2A9DF87000AFBE69 /* Debug */ = {
			isa = XCBuildConfiguration;
			buildSettings = {
				ALWAYS_SEARCH_USER_PATHS = NO;
				CLANG_ANALYZER_NONNULL = YES;
				CLANG_ANALYZER_NUMBER_OBJECT_CONVERSION = YES_AGGRESSIVE;
				CLANG_CXX_LANGUAGE_STANDARD = "gnu++20";
				CLANG_ENABLE_MODULES = YES;
				CLANG_ENABLE_OBJC_ARC = YES;
				CLANG_ENABLE_OBJC_WEAK = YES;
				CLANG_WARN_BLOCK_CAPTURE_AUTORELEASING = YES;
				CLANG_WARN_BOOL_CONVERSION = YES;
				CLANG_WARN_COMMA = YES;
				CLANG_WARN_CONSTANT_CONVERSION = YES;
				CLANG_WARN_DEPRECATED_OBJC_IMPLEMENTATIONS = YES;
				CLANG_WARN_DIRECT_OBJC_ISA_USAGE = YES_ERROR;
				CLANG_WARN_DOCUMENTATION_COMMENTS = YES;
				CLANG_WARN_EMPTY_BODY = YES;
				CLANG_WARN_ENUM_CONVERSION = YES;
				CLANG_WARN_INFINITE_RECURSION = YES;
				CLANG_WARN_INT_CONVERSION = YES;
				CLANG_WARN_NON_LITERAL_NULL_CONVERSION = YES;
				CLANG_WARN_OBJC_IMPLICIT_RETAIN_SELF = YES;
				CLANG_WARN_OBJC_LITERAL_CONVERSION = YES;
				CLANG_WARN_OBJC_ROOT_CLASS = YES_ERROR;
				CLANG_WARN_QUOTED_INCLUDE_IN_FRAMEWORK_HEADER = YES;
				CLANG_WARN_RANGE_LOOP_ANALYSIS = YES;
				CLANG_WARN_STRICT_PROTOTYPES = YES;
				CLANG_WARN_SUSPICIOUS_MOVE = YES;
				CLANG_WARN_UNGUARDED_AVAILABILITY = YES_AGGRESSIVE;
				CLANG_WARN_UNREACHABLE_CODE = YES;
				CLANG_WARN__DUPLICATE_METHOD_MATCH = YES;
				COPY_PHASE_STRIP = NO;
				DEBUG_INFORMATION_FORMAT = dwarf;
				ENABLE_STRICT_OBJC_MSGSEND = YES;
				ENABLE_TESTABILITY = YES;
				GCC_C_LANGUAGE_STANDARD = gnu11;
				GCC_DYNAMIC_NO_PIC = NO;
				GCC_NO_COMMON_BLOCKS = YES;
				GCC_OPTIMIZATION_LEVEL = 0;
				GCC_PREPROCESSOR_DEFINITIONS = (
					"DEBUG=1",
					"$(inherited)",
				);
				GCC_WARN_64_TO_32_BIT_CONVERSION = YES;
				GCC_WARN_ABOUT_RETURN_TYPE = YES_ERROR;
				GCC_WARN_UNDECLARED_SELECTOR = YES;
				GCC_WARN_UNINITIALIZED_AUTOS = YES_AGGRESSIVE;
				GCC_WARN_UNUSED_FUNCTION = YES;
				GCC_WARN_UNUSED_VARIABLE = YES;
				IPHONEOS_DEPLOYMENT_TARGET = 16.4;
				MTL_ENABLE_DEBUG_INFO = INCLUDE_SOURCE;
				MTL_FAST_MATH = YES;
				ONLY_ACTIVE_ARCH = YES;
				SDKROOT = iphoneos;
				SWIFT_ACTIVE_COMPILATION_CONDITIONS = DEBUG;
				SWIFT_OPTIMIZATION_LEVEL = "-Onone";
			};
			name = Debug;
		};
		40CED9702A9DF87000AFBE69 /* Release */ = {
			isa = XCBuildConfiguration;
			buildSettings = {
				ALWAYS_SEARCH_USER_PATHS = NO;
				CLANG_ANALYZER_NONNULL = YES;
				CLANG_ANALYZER_NUMBER_OBJECT_CONVERSION = YES_AGGRESSIVE;
				CLANG_CXX_LANGUAGE_STANDARD = "gnu++20";
				CLANG_ENABLE_MODULES = YES;
				CLANG_ENABLE_OBJC_ARC = YES;
				CLANG_ENABLE_OBJC_WEAK = YES;
				CLANG_WARN_BLOCK_CAPTURE_AUTORELEASING = YES;
				CLANG_WARN_BOOL_CONVERSION = YES;
				CLANG_WARN_COMMA = YES;
				CLANG_WARN_CONSTANT_CONVERSION = YES;
				CLANG_WARN_DEPRECATED_OBJC_IMPLEMENTATIONS = YES;
				CLANG_WARN_DIRECT_OBJC_ISA_USAGE = YES_ERROR;
				CLANG_WARN_DOCUMENTATION_COMMENTS = YES;
				CLANG_WARN_EMPTY_BODY = YES;
				CLANG_WARN_ENUM_CONVERSION = YES;
				CLANG_WARN_INFINITE_RECURSION = YES;
				CLANG_WARN_INT_CONVERSION = YES;
				CLANG_WARN_NON_LITERAL_NULL_CONVERSION = YES;
				CLANG_WARN_OBJC_IMPLICIT_RETAIN_SELF = YES;
				CLANG_WARN_OBJC_LITERAL_CONVERSION = YES;
				CLANG_WARN_OBJC_ROOT_CLASS = YES_ERROR;
				CLANG_WARN_QUOTED_INCLUDE_IN_FRAMEWORK_HEADER = YES;
				CLANG_WARN_RANGE_LOOP_ANALYSIS = YES;
				CLANG_WARN_STRICT_PROTOTYPES = YES;
				CLANG_WARN_SUSPICIOUS_MOVE = YES;
				CLANG_WARN_UNGUARDED_AVAILABILITY = YES_AGGRESSIVE;
				CLANG_WARN_UNREACHABLE_CODE = YES;
				CLANG_WARN__DUPLICATE_METHOD_MATCH = YES;
				COPY_PHASE_STRIP = NO;
				DEBUG_INFORMATION_FORMAT = "dwarf-with-dsym";
				ENABLE_NS_ASSERTIONS = NO;
				ENABLE_STRICT_OBJC_MSGSEND = YES;
				GCC_C_LANGUAGE_STANDARD = gnu11;
				GCC_NO_COMMON_BLOCKS = YES;
				GCC_WARN_64_TO_32_BIT_CONVERSION = YES;
				GCC_WARN_ABOUT_RETURN_TYPE = YES_ERROR;
				GCC_WARN_UNDECLARED_SELECTOR = YES;
				GCC_WARN_UNINITIALIZED_AUTOS = YES_AGGRESSIVE;
				GCC_WARN_UNUSED_FUNCTION = YES;
				GCC_WARN_UNUSED_VARIABLE = YES;
				IPHONEOS_DEPLOYMENT_TARGET = 16.4;
				MTL_ENABLE_DEBUG_INFO = NO;
				MTL_FAST_MATH = YES;
				SDKROOT = iphoneos;
				SWIFT_COMPILATION_MODE = wholemodule;
				SWIFT_OPTIMIZATION_LEVEL = "-O";
				VALIDATE_PRODUCT = YES;
			};
			name = Release;
		};
		40CED9722A9DF87000AFBE69 /* Debug */ = {
			isa = XCBuildConfiguration;
			buildSettings = {
				ASSETCATALOG_COMPILER_APPICON_NAME = AppIcon;
				ASSETCATALOG_COMPILER_GLOBAL_ACCENT_COLOR_NAME = AccentColor;
				CODE_SIGN_STYLE = Automatic;
				CURRENT_PROJECT_VERSION = 1;
				DEVELOPMENT_ASSET_PATHS = "\"social_media/Preview Content\"";
				ENABLE_PREVIEWS = YES;
				GENERATE_INFOPLIST_FILE = YES;
				INFOPLIST_KEY_UIApplicationSceneManifest_Generation = YES;
				INFOPLIST_KEY_UIApplicationSupportsIndirectInputEvents = YES;
				INFOPLIST_KEY_UILaunchScreen_Generation = YES;
				INFOPLIST_KEY_UISupportedInterfaceOrientations_iPad = "UIInterfaceOrientationPortrait UIInterfaceOrientationPortraitUpsideDown UIInterfaceOrientationLandscapeLeft UIInterfaceOrientationLandscapeRight";
				INFOPLIST_KEY_UISupportedInterfaceOrientations_iPhone = "UIInterfaceOrientationPortrait UIInterfaceOrientationLandscapeLeft UIInterfaceOrientationLandscapeRight";
				LD_RUNPATH_SEARCH_PATHS = (
					"$(inherited)",
					"@executable_path/Frameworks",
				);
				MARKETING_VERSION = 1.0;
				PRODUCT_BUNDLE_IDENTIFIER = "com.hongyean.social-media";
				PRODUCT_NAME = "$(TARGET_NAME)";
				SWIFT_EMIT_LOC_STRINGS = YES;
				SWIFT_VERSION = 5.0;
				TARGETED_DEVICE_FAMILY = "1,2";
			};
			name = Debug;
		};
		40CED9732A9DF87000AFBE69 /* Release */ = {
			isa = XCBuildConfiguration;
			buildSettings = {
				ASSETCATALOG_COMPILER_APPICON_NAME = AppIcon;
				ASSETCATALOG_COMPILER_GLOBAL_ACCENT_COLOR_NAME = AccentColor;
				CODE_SIGN_STYLE = Automatic;
				CURRENT_PROJECT_VERSION = 1;
				DEVELOPMENT_ASSET_PATHS = "\"social_media/Preview Content\"";
				ENABLE_PREVIEWS = YES;
				GENERATE_INFOPLIST_FILE = YES;
				INFOPLIST_KEY_UIApplicationSceneManifest_Generation = YES;
				INFOPLIST_KEY_UIApplicationSupportsIndirectInputEvents = YES;
				INFOPLIST_KEY_UILaunchScreen_Generation = YES;
				INFOPLIST_KEY_UISupportedInterfaceOrientations_iPad = "UIInterfaceOrientationPortrait UIInterfaceOrientationPortraitUpsideDown UIInterfaceOrientationLandscapeLeft UIInterfaceOrientationLandscapeRight";
				INFOPLIST_KEY_UISupportedInterfaceOrientations_iPhone = "UIInterfaceOrientationPortrait UIInterfaceOrientationLandscapeLeft UIInterfaceOrientationLandscapeRight";
				LD_RUNPATH_SEARCH_PATHS = (
					"$(inherited)",
					"@executable_path/Frameworks",
				);
				MARKETING_VERSION = 1.0;
				PRODUCT_BUNDLE_IDENTIFIER = "com.hongyean.social-media";
				PRODUCT_NAME = "$(TARGET_NAME)";
				SWIFT_EMIT_LOC_STRINGS = YES;
				SWIFT_VERSION = 5.0;
				TARGETED_DEVICE_FAMILY = "1,2";
			};
			name = Release;
		};
/* End XCBuildConfiguration section */

/* Begin XCConfigurationList section */
		40CED95E2A9DF86900AFBE69 /* Build configuration list for PBXProject "social_media" */ = {
			isa = XCConfigurationList;
			buildConfigurations = (
				40CED96F2A9DF87000AFBE69 /* Debug */,
				40CED9702A9DF87000AFBE69 /* Release */,
			);
			defaultConfigurationIsVisible = 0;
			defaultConfigurationName = Release;
		};
		40CED9712A9DF87000AFBE69 /* Build configuration list for PBXNativeTarget "social_media" */ = {
			isa = XCConfigurationList;
			buildConfigurations = (
				40CED9722A9DF87000AFBE69 /* Debug */,
				40CED9732A9DF87000AFBE69 /* Release */,
			);
			defaultConfigurationIsVisible = 0;
			defaultConfigurationName = Release;
		};
/* End XCConfigurationList section */

/* Begin XCRemoteSwiftPackageReference section */
		40CED9AE2A9F1BDB00AFBE69 /* XCRemoteSwiftPackageReference "firebase-ios-sdk" */ = {
			isa = XCRemoteSwiftPackageReference;
			repositoryURL = "https://github.com/firebase/firebase-ios-sdk";
			requirement = {
				kind = upToNextMajorVersion;
				minimumVersion = 10.0.0;
			};
		};
		40D788812AA47AD3000BA85A /* XCRemoteSwiftPackageReference "Kingfisher" */ = {
			isa = XCRemoteSwiftPackageReference;
			repositoryURL = "https://github.com/onevcat/Kingfisher.git";
			requirement = {
				kind = upToNextMajorVersion;
				minimumVersion = 7.0.0;
			};
		};
/* End XCRemoteSwiftPackageReference section */

/* Begin XCSwiftPackageProductDependency section */
		40CED9AF2A9F1BDC00AFBE69 /* FirebaseAuth */ = {
			isa = XCSwiftPackageProductDependency;
			package = 40CED9AE2A9F1BDB00AFBE69 /* XCRemoteSwiftPackageReference "firebase-ios-sdk" */;
			productName = FirebaseAuth;
		};
		40CED9B12A9F1BDC00AFBE69 /* FirebaseFirestore */ = {
			isa = XCSwiftPackageProductDependency;
			package = 40CED9AE2A9F1BDB00AFBE69 /* XCRemoteSwiftPackageReference "firebase-ios-sdk" */;
			productName = FirebaseFirestore;
		};
		40CED9B32A9F1BDC00AFBE69 /* FirebaseFirestoreSwift */ = {
			isa = XCSwiftPackageProductDependency;
			package = 40CED9AE2A9F1BDB00AFBE69 /* XCRemoteSwiftPackageReference "firebase-ios-sdk" */;
			productName = FirebaseFirestoreSwift;
		};
		40CED9B52A9F1BDC00AFBE69 /* FirebaseStorage */ = {
			isa = XCSwiftPackageProductDependency;
			package = 40CED9AE2A9F1BDB00AFBE69 /* XCRemoteSwiftPackageReference "firebase-ios-sdk" */;
			productName = FirebaseStorage;
		};
		40D788822AA47AD4000BA85A /* Kingfisher */ = {
			isa = XCSwiftPackageProductDependency;
			package = 40D788812AA47AD3000BA85A /* XCRemoteSwiftPackageReference "Kingfisher" */;
			productName = Kingfisher;
		};
/* End XCSwiftPackageProductDependency section */
	};
	rootObject = 40CED95B2A9DF86900AFBE69 /* Project object */;
}
